
Microsoft Visual Studio Solution File, Format Version 12.00
# Visual Studio Version 16
VisualStudioVersion = 16.0.29020.237
MinimumVisualStudioVersion = 10.0.40219.1
Project("{9A19103F-16F7-4668-BE54-9A1E7A4F7556}") = "HengDa.LiZongMing.REAMS.Domain", "src\HengDa.LiZongMing.REAMS.Domain\HengDa.LiZongMing.REAMS.Domain.csproj", "{554AD327-6DBA-4F8F-96F8-81CE7A0C863F}"
EndProject
Project("{9A19103F-16F7-4668-BE54-9A1E7A4F7556}") = "HengDa.LiZongMing.REAMS.Application", "src\HengDa.LiZongMing.REAMS.Application\HengDa.LiZongMing.REAMS.Application.csproj", "{1A94A50E-06DC-43C1-80B5-B662820EC3EB}"
EndProject
Project("{9A19103F-16F7-4668-BE54-9A1E7A4F7556}") = "HengDa.LiZongMing.REAMS.EntityFrameworkCore", "src\HengDa.LiZongMing.REAMS.EntityFrameworkCore\HengDa.LiZongMing.REAMS.EntityFrameworkCore.csproj", "{C956DD76-69C8-4A9C-83EA-D17DF83340FD}"
EndProject
Project("{2150E333-8FDC-42A3-9474-1A3956D46DE8}") = "src", "src", "{CA9AC87F-097E-4F15-8393-4BC07735A5B0}"
	ProjectSection(SolutionItems) = preProject
		src\db.json = src\db.json
	EndProjectSection
EndProject
Project("{2150E333-8FDC-42A3-9474-1A3956D46DE8}") = "test", "test", "{04DBDB01-70F4-4E06-B468-8F87850B22BE}"
EndProject
Project("{9A19103F-16F7-4668-BE54-9A1E7A4F7556}") = "HengDa.LiZongMing.REAMS.Application.Tests", "test\HengDa.LiZongMing.REAMS.Application.Tests\HengDa.LiZongMing.REAMS.Application.Tests.csproj", "{50B2631D-129C-47B3-A587-029CCD6099BC}"
EndProject
Project("{9A19103F-16F7-4668-BE54-9A1E7A4F7556}") = "HengDa.LiZongMing.REAMS.EntityFrameworkCore.DbMigrations", "src\HengDa.LiZongMing.REAMS.EntityFrameworkCore.DbMigrations\HengDa.LiZongMing.REAMS.EntityFrameworkCore.DbMigrations.csproj", "{0372FA84-C517-4EB3-9A9F-B9ACAC0CA5E0}"
EndProject
Project("{9A19103F-16F7-4668-BE54-9A1E7A4F7556}") = "HengDa.LiZongMing.REAMS.Domain.Shared", "src\HengDa.LiZongMing.REAMS.Domain.Shared\HengDa.LiZongMing.REAMS.Domain.Shared.csproj", "{42F719ED-8413-4895-B5B4-5AB56079BC66}"
EndProject
Project("{9A19103F-16F7-4668-BE54-9A1E7A4F7556}") = "HengDa.LiZongMing.REAMS.Application.Contracts", "src\HengDa.LiZongMing.REAMS.Application.Contracts\HengDa.LiZongMing.REAMS.Application.Contracts.csproj", "{520659C8-C734-4298-A3DA-B539DB9DFC0B}"
EndProject
Project("{9A19103F-16F7-4668-BE54-9A1E7A4F7556}") = "HengDa.LiZongMing.REAMS.HttpApi", "src\HengDa.LiZongMing.REAMS.HttpApi\HengDa.LiZongMing.REAMS.HttpApi.csproj", "{4164BDF7-F527-4E85-9CE6-E3C2D7426A27}"
EndProject
Project("{9A19103F-16F7-4668-BE54-9A1E7A4F7556}") = "HengDa.LiZongMing.REAMS.HttpApi.Client", "src\HengDa.LiZongMing.REAMS.HttpApi.Client\HengDa.LiZongMing.REAMS.HttpApi.Client.csproj", "{3B5A0094-670D-4BB1-BFDD-61B88A8773DC}"
EndProject
Project("{9A19103F-16F7-4668-BE54-9A1E7A4F7556}") = "HengDa.LiZongMing.REAMS.EntityFrameworkCore.Tests", "test\HengDa.LiZongMing.REAMS.EntityFrameworkCore.Tests\HengDa.LiZongMing.REAMS.EntityFrameworkCore.Tests.csproj", "{1FE30EB9-74A9-47F5-A9F6-7B1FAB672D81}"
EndProject
Project("{9A19103F-16F7-4668-BE54-9A1E7A4F7556}") = "HengDa.LiZongMing.REAMS.TestBase", "test\HengDa.LiZongMing.REAMS.TestBase\HengDa.LiZongMing.REAMS.TestBase.csproj", "{91853F21-9CD9-4132-BC29-A7D5D84FFFE7}"
EndProject
Project("{9A19103F-16F7-4668-BE54-9A1E7A4F7556}") = "HengDa.LiZongMing.REAMS.Domain.Tests", "test\HengDa.LiZongMing.REAMS.Domain.Tests\HengDa.LiZongMing.REAMS.Domain.Tests.csproj", "{E512F4D9-9375-480F-A2F6-A46509F9D824}"
EndProject
Project("{9A19103F-16F7-4668-BE54-9A1E7A4F7556}") = "HengDa.LiZongMing.REAMS.HttpApi.Client.ConsoleTestApp", "test\HengDa.LiZongMing.REAMS.HttpApi.Client.ConsoleTestApp\HengDa.LiZongMing.REAMS.HttpApi.Client.ConsoleTestApp.csproj", "{EF480016-9127-4916-8735-D2466BDBC582}"
EndProject
Project("{9A19103F-16F7-4668-BE54-9A1E7A4F7556}") = "HengDa.LiZongMing.REAMS.DbMigrator", "src\HengDa.LiZongMing.REAMS.DbMigrator\HengDa.LiZongMing.REAMS.DbMigrator.csproj", "{AA94D832-1CCC-4715-95A9-A483F23A1A5D}"
EndProject
Project("{9A19103F-16F7-4668-BE54-9A1E7A4F7556}") = "HengDa.LiZongMing.REAMS.Wpf", "src\HengDa.LiZongMing.REAMS.Wpf\HengDa.LiZongMing.REAMS.Wpf.csproj", "{751E4A5C-9081-445E-A066-1A039810CF8F}"
EndProject
Project("{9A19103F-16F7-4668-BE54-9A1E7A4F7556}") = "Aming.Tools", "Aming.Tools\Aming.Tools.csproj", "{C55D72FD-900D-45C1-8B10-859C74AEF915}"
EndProject
Project("{9A19103F-16F7-4668-BE54-9A1E7A4F7556}") = "HengDa.LiZongMing.REAMS.DataSave", "src\HengDa.LiZongMing.REAMS.DataSave\HengDa.LiZongMing.REAMS.DataSave.csproj", "{26613D63-0D39-4050-AFCE-0CB227505C3B}"
EndProject
Project("{9A19103F-16F7-4668-BE54-9A1E7A4F7556}") = "HengDa.LiZongMing.REAMS.Web", "src\HengDa.LiZongMing.REAMS.Web\HengDa.LiZongMing.REAMS.Web.csproj", "{BB260D18-580D-41BF-948D-757DBA4800C3}"
EndProject
Project("{FAE04EC0-301F-11D3-BF4B-00C04F79EFBC}") = "RSNetDeviceDemo", "src\RSNetDeviceDemo\RSNetDeviceDemo.csproj", "{8C99C026-5B74-4F80-B43E-826490C5067E}"
EndProject
Project("{2150E333-8FDC-42A3-9474-1A3956D46DE8}") = "hve", "hve", "{7A88964F-7927-4965-B8C1-54DB5124819B}"
EndProject
Project("{9A19103F-16F7-4668-BE54-9A1E7A4F7556}") = "HVE.Model", "src\HVE-Model\HVE.Model.csproj", "{18D92961-305B-47BB-BA4F-78E048E86B24}"
EndProject
Project("{2150E333-8FDC-42A3-9474-1A3956D46DE8}") = "DataPlatFormTrans", "DataPlatFormTrans", "{9F258E51-8714-413E-B172-F6CEEC5E1694}"
EndProject
Project("{9A19103F-16F7-4668-BE54-9A1E7A4F7556}") = "DataPlatformTrans", "src\DataPlatformTrans\DataPlatformTrans.csproj", "{77AC3502-758D-4F4D-8C41-A07BE396F17B}"
EndProject
Project("{9A19103F-16F7-4668-BE54-9A1E7A4F7556}") = "HDDataTransTester", "src\HDDataTransTester\HDDataTransTester.csproj", "{114D76AB-C2F6-48AB-A599-1E76B4DF4AA0}"
EndProject
Project("{9A19103F-16F7-4668-BE54-9A1E7A4F7556}") = "NetCoreServer", "src\NetCoreServer\NetCoreServer.csproj", "{B629F0C3-7F9B-47E3-827C-BDCD9BE4C4BA}"
EndProject
Global
	GlobalSection(SolutionConfigurationPlatforms) = preSolution
		Debug|Any CPU = Debug|Any CPU
		Release|Any CPU = Release|Any CPU
	EndGlobalSection
	GlobalSection(ProjectConfigurationPlatforms) = postSolution
		{554AD327-6DBA-4F8F-96F8-81CE7A0C863F}.Debug|Any CPU.ActiveCfg = Debug|Any CPU
		{554AD327-6DBA-4F8F-96F8-81CE7A0C863F}.Debug|Any CPU.Build.0 = Debug|Any CPU
		{554AD327-6DBA-4F8F-96F8-81CE7A0C863F}.Release|Any CPU.ActiveCfg = Release|Any CPU
		{554AD327-6DBA-4F8F-96F8-81CE7A0C863F}.Release|Any CPU.Build.0 = Release|Any CPU
		{1A94A50E-06DC-43C1-80B5-B662820EC3EB}.Debug|Any CPU.ActiveCfg = Debug|Any CPU
		{1A94A50E-06DC-43C1-80B5-B662820EC3EB}.Debug|Any CPU.Build.0 = Debug|Any CPU
		{1A94A50E-06DC-43C1-80B5-B662820EC3EB}.Release|Any CPU.ActiveCfg = Release|Any CPU
		{1A94A50E-06DC-43C1-80B5-B662820EC3EB}.Release|Any CPU.Build.0 = Release|Any CPU
		{C956DD76-69C8-4A9C-83EA-D17DF83340FD}.Debug|Any CPU.ActiveCfg = Debug|Any CPU
		{C956DD76-69C8-4A9C-83EA-D17DF83340FD}.Debug|Any CPU.Build.0 = Debug|Any CPU
		{C956DD76-69C8-4A9C-83EA-D17DF83340FD}.Release|Any CPU.ActiveCfg = Release|Any CPU
		{C956DD76-69C8-4A9C-83EA-D17DF83340FD}.Release|Any CPU.Build.0 = Release|Any CPU
		{50B2631D-129C-47B3-A587-029CCD6099BC}.Debug|Any CPU.ActiveCfg = Debug|Any CPU
		{50B2631D-129C-47B3-A587-029CCD6099BC}.Debug|Any CPU.Build.0 = Debug|Any CPU
		{50B2631D-129C-47B3-A587-029CCD6099BC}.Release|Any CPU.ActiveCfg = Release|Any CPU
		{50B2631D-129C-47B3-A587-029CCD6099BC}.Release|Any CPU.Build.0 = Release|Any CPU
		{0372FA84-C517-4EB3-9A9F-B9ACAC0CA5E0}.Debug|Any CPU.ActiveCfg = Debug|Any CPU
		{0372FA84-C517-4EB3-9A9F-B9ACAC0CA5E0}.Debug|Any CPU.Build.0 = Debug|Any CPU
		{0372FA84-C517-4EB3-9A9F-B9ACAC0CA5E0}.Release|Any CPU.ActiveCfg = Release|Any CPU
		{0372FA84-C517-4EB3-9A9F-B9ACAC0CA5E0}.Release|Any CPU.Build.0 = Release|Any CPU
		{42F719ED-8413-4895-B5B4-5AB56079BC66}.Debug|Any CPU.ActiveCfg = Debug|Any CPU
		{42F719ED-8413-4895-B5B4-5AB56079BC66}.Debug|Any CPU.Build.0 = Debug|Any CPU
		{42F719ED-8413-4895-B5B4-5AB56079BC66}.Release|Any CPU.ActiveCfg = Release|Any CPU
		{42F719ED-8413-4895-B5B4-5AB56079BC66}.Release|Any CPU.Build.0 = Release|Any CPU
		{520659C8-C734-4298-A3DA-B539DB9DFC0B}.Debug|Any CPU.ActiveCfg = Debug|Any CPU
		{520659C8-C734-4298-A3DA-B539DB9DFC0B}.Debug|Any CPU.Build.0 = Debug|Any CPU
		{520659C8-C734-4298-A3DA-B539DB9DFC0B}.Release|Any CPU.ActiveCfg = Release|Any CPU
		{520659C8-C734-4298-A3DA-B539DB9DFC0B}.Release|Any CPU.Build.0 = Release|Any CPU
		{4164BDF7-F527-4E85-9CE6-E3C2D7426A27}.Debug|Any CPU.ActiveCfg = Debug|Any CPU
		{4164BDF7-F527-4E85-9CE6-E3C2D7426A27}.Debug|Any CPU.Build.0 = Debug|Any CPU
		{4164BDF7-F527-4E85-9CE6-E3C2D7426A27}.Release|Any CPU.ActiveCfg = Release|Any CPU
		{4164BDF7-F527-4E85-9CE6-E3C2D7426A27}.Release|Any CPU.Build.0 = Release|Any CPU
		{3B5A0094-670D-4BB1-BFDD-61B88A8773DC}.Debug|Any CPU.ActiveCfg = Debug|Any CPU
		{3B5A0094-670D-4BB1-BFDD-61B88A8773DC}.Debug|Any CPU.Build.0 = Debug|Any CPU
		{3B5A0094-670D-4BB1-BFDD-61B88A8773DC}.Release|Any CPU.ActiveCfg = Release|Any CPU
		{3B5A0094-670D-4BB1-BFDD-61B88A8773DC}.Release|Any CPU.Build.0 = Release|Any CPU
		{1FE30EB9-74A9-47F5-A9F6-7B1FAB672D81}.Debug|Any CPU.ActiveCfg = Debug|Any CPU
		{1FE30EB9-74A9-47F5-A9F6-7B1FAB672D81}.Debug|Any CPU.Build.0 = Debug|Any CPU
		{1FE30EB9-74A9-47F5-A9F6-7B1FAB672D81}.Release|Any CPU.ActiveCfg = Release|Any CPU
		{1FE30EB9-74A9-47F5-A9F6-7B1FAB672D81}.Release|Any CPU.Build.0 = Release|Any CPU
		{91853F21-9CD9-4132-BC29-A7D5D84FFFE7}.Debug|Any CPU.ActiveCfg = Debug|Any CPU
		{91853F21-9CD9-4132-BC29-A7D5D84FFFE7}.Debug|Any CPU.Build.0 = Debug|Any CPU
		{91853F21-9CD9-4132-BC29-A7D5D84FFFE7}.Release|Any CPU.ActiveCfg = Release|Any CPU
		{91853F21-9CD9-4132-BC29-A7D5D84FFFE7}.Release|Any CPU.Build.0 = Release|Any CPU
		{E512F4D9-9375-480F-A2F6-A46509F9D824}.Debug|Any CPU.ActiveCfg = Debug|Any CPU
		{E512F4D9-9375-480F-A2F6-A46509F9D824}.Debug|Any CPU.Build.0 = Debug|Any CPU
		{E512F4D9-9375-480F-A2F6-A46509F9D824}.Release|Any CPU.ActiveCfg = Release|Any CPU
		{E512F4D9-9375-480F-A2F6-A46509F9D824}.Release|Any CPU.Build.0 = Release|Any CPU
		{EF480016-9127-4916-8735-D2466BDBC582}.Debug|Any CPU.ActiveCfg = Debug|Any CPU
		{EF480016-9127-4916-8735-D2466BDBC582}.Debug|Any CPU.Build.0 = Debug|Any CPU
		{EF480016-9127-4916-8735-D2466BDBC582}.Release|Any CPU.ActiveCfg = Release|Any CPU
		{EF480016-9127-4916-8735-D2466BDBC582}.Release|Any CPU.Build.0 = Release|Any CPU
		{AA94D832-1CCC-4715-95A9-A483F23A1A5D}.Debug|Any CPU.ActiveCfg = Debug|Any CPU
		{AA94D832-1CCC-4715-95A9-A483F23A1A5D}.Debug|Any CPU.Build.0 = Debug|Any CPU
		{AA94D832-1CCC-4715-95A9-A483F23A1A5D}.Release|Any CPU.ActiveCfg = Release|Any CPU
		{AA94D832-1CCC-4715-95A9-A483F23A1A5D}.Release|Any CPU.Build.0 = Release|Any CPU
		{751E4A5C-9081-445E-A066-1A039810CF8F}.Debug|Any CPU.ActiveCfg = Debug|Any CPU
		{751E4A5C-9081-445E-A066-1A039810CF8F}.Debug|Any CPU.Build.0 = Debug|Any CPU
		{751E4A5C-9081-445E-A066-1A039810CF8F}.Release|Any CPU.ActiveCfg = Release|Any CPU
		{751E4A5C-9081-445E-A066-1A039810CF8F}.Release|Any CPU.Build.0 = Release|Any CPU
		{C55D72FD-900D-45C1-8B10-859C74AEF915}.Debug|Any CPU.ActiveCfg = Debug|Any CPU
		{C55D72FD-900D-45C1-8B10-859C74AEF915}.Debug|Any CPU.Build.0 = Debug|Any CPU
		{C55D72FD-900D-45C1-8B10-859C74AEF915}.Release|Any CPU.ActiveCfg = Release|Any CPU
		{C55D72FD-900D-45C1-8B10-859C74AEF915}.Release|Any CPU.Build.0 = Release|Any CPU
		{26613D63-0D39-4050-AFCE-0CB227505C3B}.Debug|Any CPU.ActiveCfg = Debug|Any CPU
		{26613D63-0D39-4050-AFCE-0CB227505C3B}.Debug|Any CPU.Build.0 = Debug|Any CPU
		{26613D63-0D39-4050-AFCE-0CB227505C3B}.Release|Any CPU.ActiveCfg = Release|Any CPU
		{26613D63-0D39-4050-AFCE-0CB227505C3B}.Release|Any CPU.Build.0 = Release|Any CPU
		{BB260D18-580D-41BF-948D-757DBA4800C3}.Debug|Any CPU.ActiveCfg = Debug|Any CPU
		{BB260D18-580D-41BF-948D-757DBA4800C3}.Debug|Any CPU.Build.0 = Debug|Any CPU
		{BB260D18-580D-41BF-948D-757DBA4800C3}.Release|Any CPU.ActiveCfg = Release|Any CPU
		{BB260D18-580D-41BF-948D-757DBA4800C3}.Release|Any CPU.Build.0 = Release|Any CPU
		{8C99C026-5B74-4F80-B43E-826490C5067E}.Debug|Any CPU.ActiveCfg = Debug|Any CPU
		{8C99C026-5B74-4F80-B43E-826490C5067E}.Debug|Any CPU.Build.0 = Debug|Any CPU
		{8C99C026-5B74-4F80-B43E-826490C5067E}.Release|Any CPU.ActiveCfg = Release|Any CPU
		{8C99C026-5B74-4F80-B43E-826490C5067E}.Release|Any CPU.Build.0 = Release|Any CPU
		{18D92961-305B-47BB-BA4F-78E048E86B24}.Debug|Any CPU.ActiveCfg = Debug|Any CPU
		{18D92961-305B-47BB-BA4F-78E048E86B24}.Debug|Any CPU.Build.0 = Debug|Any CPU
		{18D92961-305B-47BB-BA4F-78E048E86B24}.Release|Any CPU.ActiveCfg = Release|Any CPU
		{18D92961-305B-47BB-BA4F-78E048E86B24}.Release|Any CPU.Build.0 = Release|Any CPU
		{77AC3502-758D-4F4D-8C41-A07BE396F17B}.Debug|Any CPU.ActiveCfg = Debug|Any CPU
		{77AC3502-758D-4F4D-8C41-A07BE396F17B}.Debug|Any CPU.Build.0 = Debug|Any CPU
		{77AC3502-758D-4F4D-8C41-A07BE396F17B}.Release|Any CPU.ActiveCfg = Release|Any CPU
		{77AC3502-758D-4F4D-8C41-A07BE396F17B}.Release|Any CPU.Build.0 = Release|Any CPU
		{114D76AB-C2F6-48AB-A599-1E76B4DF4AA0}.Debug|Any CPU.ActiveCfg = Debug|Any CPU
		{114D76AB-C2F6-48AB-A599-1E76B4DF4AA0}.Debug|Any CPU.Build.0 = Debug|Any CPU
		{114D76AB-C2F6-48AB-A599-1E76B4DF4AA0}.Release|Any CPU.ActiveCfg = Release|Any CPU
		{114D76AB-C2F6-48AB-A599-1E76B4DF4AA0}.Release|Any CPU.Build.0 = Release|Any CPU
		{B629F0C3-7F9B-47E3-827C-BDCD9BE4C4BA}.Debug|Any CPU.ActiveCfg = Debug|Any CPU
		{B629F0C3-7F9B-47E3-827C-BDCD9BE4C4BA}.Debug|Any CPU.Build.0 = Debug|Any CPU
		{B629F0C3-7F9B-47E3-827C-BDCD9BE4C4BA}.Release|Any CPU.ActiveCfg = Release|Any CPU
		{B629F0C3-7F9B-47E3-827C-BDCD9BE4C4BA}.Release|Any CPU.Build.0 = Release|Any CPU
	EndGlobalSection
	GlobalSection(SolutionProperties) = preSolution
		HideSolutionNode = FALSE
	EndGlobalSection
	GlobalSection(NestedProjects) = preSolution
		{554AD327-6DBA-4F8F-96F8-81CE7A0C863F} = {CA9AC87F-097E-4F15-8393-4BC07735A5B0}
		{1A94A50E-06DC-43C1-80B5-B662820EC3EB} = {CA9AC87F-097E-4F15-8393-4BC07735A5B0}
		{C956DD76-69C8-4A9C-83EA-D17DF83340FD} = {CA9AC87F-097E-4F15-8393-4BC07735A5B0}
		{50B2631D-129C-47B3-A587-029CCD6099BC} = {04DBDB01-70F4-4E06-B468-8F87850B22BE}
		{0372FA84-C517-4EB3-9A9F-B9ACAC0CA5E0} = {CA9AC87F-097E-4F15-8393-4BC07735A5B0}
		{42F719ED-8413-4895-B5B4-5AB56079BC66} = {CA9AC87F-097E-4F15-8393-4BC07735A5B0}
		{520659C8-C734-4298-A3DA-B539DB9DFC0B} = {CA9AC87F-097E-4F15-8393-4BC07735A5B0}
		{4164BDF7-F527-4E85-9CE6-E3C2D7426A27} = {CA9AC87F-097E-4F15-8393-4BC07735A5B0}
		{3B5A0094-670D-4BB1-BFDD-61B88A8773DC} = {CA9AC87F-097E-4F15-8393-4BC07735A5B0}
		{1FE30EB9-74A9-47F5-A9F6-7B1FAB672D81} = {04DBDB01-70F4-4E06-B468-8F87850B22BE}
		{91853F21-9CD9-4132-BC29-A7D5D84FFFE7} = {04DBDB01-70F4-4E06-B468-8F87850B22BE}
		{E512F4D9-9375-480F-A2F6-A46509F9D824} = {04DBDB01-70F4-4E06-B468-8F87850B22BE}
		{EF480016-9127-4916-8735-D2466BDBC582} = {04DBDB01-70F4-4E06-B468-8F87850B22BE}
		{AA94D832-1CCC-4715-95A9-A483F23A1A5D} = {CA9AC87F-097E-4F15-8393-4BC07735A5B0}
		{751E4A5C-9081-445E-A066-1A039810CF8F} = {CA9AC87F-097E-4F15-8393-4BC07735A5B0}
		{C55D72FD-900D-45C1-8B10-859C74AEF915} = {CA9AC87F-097E-4F15-8393-4BC07735A5B0}
		{26613D63-0D39-4050-AFCE-0CB227505C3B} = {CA9AC87F-097E-4F15-8393-4BC07735A5B0}
		{BB260D18-580D-41BF-948D-757DBA4800C3} = {CA9AC87F-097E-4F15-8393-4BC07735A5B0}
		{8C99C026-5B74-4F80-B43E-826490C5067E} = {CA9AC87F-097E-4F15-8393-4BC07735A5B0}
		{18D92961-305B-47BB-BA4F-78E048E86B24} = {7A88964F-7927-4965-B8C1-54DB5124819B}
		{77AC3502-758D-4F4D-8C41-A07BE396F17B} = {9F258E51-8714-413E-B172-F6CEEC5E1694}
		{114D76AB-C2F6-48AB-A599-1E76B4DF4AA0} = {9F258E51-8714-413E-B172-F6CEEC5E1694}
		{B629F0C3-7F9B-47E3-827C-BDCD9BE4C4BA} = {CA9AC87F-097E-4F15-8393-4BC07735A5B0}
	EndGlobalSection
	GlobalSection(ExtensibilityGlobals) = postSolution
		SolutionGuid = {28315BFD-90E7-4E14-A2EA-F3D23AF4126F}
	EndGlobalSection
EndGlobal
